{
  "name": "hello-world",
  "version": "1.1.0",
  "lockfileVersion": 1,
  "requires": true,
  "dependencies": {
    "ask-sdk-core": {
      "version": "2.10.2",
      "resolved": "https://registry.npmjs.org/ask-sdk-core/-/ask-sdk-core-2.10.2.tgz",
      "integrity": "sha512-HaH/ditTlB5nqXB2rx8D36fwG8PMP6OXQK3kHQDoTV8b4jgOij1eESJ3sGRilXwLfK/BUz92Ya2laIEnNvzhEA==",
      "requires": {
        "ask-sdk-runtime": "^2.10.2"
      }
    },
    "ask-sdk-runtime": {
      "version": "2.10.2",
      "resolved": "https://registry.npmjs.org/ask-sdk-runtime/-/ask-sdk-runtime-2.10.2.tgz",
      "integrity": "sha512-pe9xbhQzkRGrrWT/pRceoREmVLKw33C7Z00mC4mKZEOrO4vjjrUAXNIALPKIy/gpqMTB00N0H77vLtzZVH21Sg=="
    }
  }
}
